
Microsoft Visual Studio Solution File, Format Version 12.00
# Visual Studio Version 17
VisualStudioVersion = 17.0.31903.59
MinimumVisualStudioVersion = 10.0.40219.1
Project("{2150E333-8FDC-42A3-9474-1A3956D46DE8}") = "src", "src", "{827E0CD3-B72D-47B6-A68D-7590B98EB39B}"
EndProject
Project("{FAE04EC0-301F-11D3-BF4B-00C04F79EFBC}") = "SplitHub.Api", "src\SplitHub.Api\SplitHub.Api.csproj", "{6B418526-C596-4729-9720-8838084B3C47}"
EndProject
Project("{FAE04EC0-301F-11D3-BF4B-00C04F79EFBC}") = "SplitHub.Application", "src\SplitHub.Application\SplitHub.Application.csproj", "{A48C6485-31EE-494E-B26A-5C60F6984668}"
EndProject
Project("{FAE04EC0-301F-11D3-BF4B-00C04F79EFBC}") = "SplitHub.Domain", "src\SplitHub.Domain\SplitHub.Domain.csproj", "{89F45EE7-7057-4B3F-A221-C17E4790FB3B}"
EndProject
Project("{FAE04EC0-301F-11D3-BF4B-00C04F79EFBC}") = "SplitHub.Infrastructure", "src\SplitHub.Infrastructure\SplitHub.Infrastructure.csproj", "{4521F89C-27CB-44AB-BE4A-5EA5E582BB84}"
EndProject
Project("{2150E333-8FDC-42A3-9474-1A3956D46DE8}") = "tests", "tests", "{0AB3BF05-4346-4AA6-1389-037BE0695223}"
EndProject
Project("{FAE04EC0-301F-11D3-BF4B-00C04F79EFBC}") = "SplitHub.IntegrationTests", "tests\SplitHub.IntegrationTests\SplitHub.IntegrationTests.csproj", "{089798D3-6889-4280-8567-E9DB432660C2}"
EndProject
Project("{FAE04EC0-301F-11D3-BF4B-00C04F79EFBC}") = "SplitHub.UnitTests", "tests\SplitHub.UnitTests\SplitHub.UnitTests.csproj", "{7A0E288B-5517-48B8-A296-E16ACFFBB5A3}"
EndProject
Global
	GlobalSection(SolutionConfigurationPlatforms) = preSolution
		Debug|Any CPU = Debug|Any CPU
		Debug|x64 = Debug|x64
		Debug|x86 = Debug|x86
		Release|Any CPU = Release|Any CPU
		Release|x64 = Release|x64
		Release|x86 = Release|x86
	EndGlobalSection
	GlobalSection(ProjectConfigurationPlatforms) = postSolution
		{6B418526-C596-4729-9720-8838084B3C47}.Debug|Any CPU.ActiveCfg = Debug|Any CPU
		{6B418526-C596-4729-9720-8838084B3C47}.Debug|Any CPU.Build.0 = Debug|Any CPU
		{6B418526-C596-4729-9720-8838084B3C47}.Debug|x64.ActiveCfg = Debug|Any CPU
		{6B418526-C596-4729-9720-8838084B3C47}.Debug|x64.Build.0 = Debug|Any CPU
		{6B418526-C596-4729-9720-8838084B3C47}.Debug|x86.ActiveCfg = Debug|Any CPU
		{6B418526-C596-4729-9720-8838084B3C47}.Debug|x86.Build.0 = Debug|Any CPU
		{6B418526-C596-4729-9720-8838084B3C47}.Release|Any CPU.ActiveCfg = Release|Any CPU
		{6B418526-C596-4729-9720-8838084B3C47}.Release|Any CPU.Build.0 = Release|Any CPU
		{6B418526-C596-4729-9720-8838084B3C47}.Release|x64.ActiveCfg = Release|Any CPU
		{6B418526-C596-4729-9720-8838084B3C47}.Release|x64.Build.0 = Release|Any CPU
		{6B418526-C596-4729-9720-8838084B3C47}.Release|x86.ActiveCfg = Release|Any CPU
		{6B418526-C596-4729-9720-8838084B3C47}.Release|x86.Build.0 = Release|Any CPU
		{A48C6485-31EE-494E-B26A-5C60F6984668}.Debug|Any CPU.ActiveCfg = Debug|Any CPU
		{A48C6485-31EE-494E-B26A-5C60F6984668}.Debug|Any CPU.Build.0 = Debug|Any CPU
		{A48C6485-31EE-494E-B26A-5C60F6984668}.Debug|x64.ActiveCfg = Debug|Any CPU
		{A48C6485-31EE-494E-B26A-5C60F6984668}.Debug|x64.Build.0 = Debug|Any CPU
		{A48C6485-31EE-494E-B26A-5C60F6984668}.Debug|x86.ActiveCfg = Debug|Any CPU
		{A48C6485-31EE-494E-B26A-5C60F6984668}.Debug|x86.Build.0 = Debug|Any CPU
		{A48C6485-31EE-494E-B26A-5C60F6984668}.Release|Any CPU.ActiveCfg = Release|Any CPU
		{A48C6485-31EE-494E-B26A-5C60F6984668}.Release|Any CPU.Build.0 = Release|Any CPU
		{A48C6485-31EE-494E-B26A-5C60F6984668}.Release|x64.ActiveCfg = Release|Any CPU
		{A48C6485-31EE-494E-B26A-5C60F6984668}.Release|x64.Build.0 = Release|Any CPU
		{A48C6485-31EE-494E-B26A-5C60F6984668}.Release|x86.ActiveCfg = Release|Any CPU
		{A48C6485-31EE-494E-B26A-5C60F6984668}.Release|x86.Build.0 = Release|Any CPU
		{89F45EE7-7057-4B3F-A221-C17E4790FB3B}.Debug|Any CPU.ActiveCfg = Debug|Any CPU
		{89F45EE7-7057-4B3F-A221-C17E4790FB3B}.Debug|Any CPU.Build.0 = Debug|Any CPU
		{89F45EE7-7057-4B3F-A221-C17E4790FB3B}.Debug|x64.ActiveCfg = Debug|Any CPU
		{89F45EE7-7057-4B3F-A221-C17E4790FB3B}.Debug|x64.Build.0 = Debug|Any CPU
		{89F45EE7-7057-4B3F-A221-C17E4790FB3B}.Debug|x86.ActiveCfg = Debug|Any CPU
		{89F45EE7-7057-4B3F-A221-C17E4790FB3B}.Debug|x86.Build.0 = Debug|Any CPU
		{89F45EE7-7057-4B3F-A221-C17E4790FB3B}.Release|Any CPU.ActiveCfg = Release|Any CPU
		{89F45EE7-7057-4B3F-A221-C17E4790FB3B}.Release|Any CPU.Build.0 = Release|Any CPU
		{89F45EE7-7057-4B3F-A221-C17E4790FB3B}.Release|x64.ActiveCfg = Release|Any CPU
		{89F45EE7-7057-4B3F-A221-C17E4790FB3B}.Release|x64.Build.0 = Release|Any CPU
		{89F45EE7-7057-4B3F-A221-C17E4790FB3B}.Release|x86.ActiveCfg = Release|Any CPU
		{89F45EE7-7057-4B3F-A221-C17E4790FB3B}.Release|x86.Build.0 = Release|Any CPU
		{4521F89C-27CB-44AB-BE4A-5EA5E582BB84}.Debug|Any CPU.ActiveCfg = Debug|Any CPU
		{4521F89C-27CB-44AB-BE4A-5EA5E582BB84}.Debug|Any CPU.Build.0 = Debug|Any CPU
		{4521F89C-27CB-44AB-BE4A-5EA5E582BB84}.Debug|x64.ActiveCfg = Debug|Any CPU
		{4521F89C-27CB-44AB-BE4A-5EA5E582BB84}.Debug|x64.Build.0 = Debug|Any CPU
		{4521F89C-27CB-44AB-BE4A-5EA5E582BB84}.Debug|x86.ActiveCfg = Debug|Any CPU
		{4521F89C-27CB-44AB-BE4A-5EA5E582BB84}.Debug|x86.Build.0 = Debug|Any CPU
		{4521F89C-27CB-44AB-BE4A-5EA5E582BB84}.Release|Any CPU.ActiveCfg = Release|Any CPU
		{4521F89C-27CB-44AB-BE4A-5EA5E582BB84}.Release|Any CPU.Build.0 = Release|Any CPU
		{4521F89C-27CB-44AB-BE4A-5EA5E582BB84}.Release|x64.ActiveCfg = Release|Any CPU
		{4521F89C-27CB-44AB-BE4A-5EA5E582BB84}.Release|x64.Build.0 = Release|Any CPU
		{4521F89C-27CB-44AB-BE4A-5EA5E582BB84}.Release|x86.ActiveCfg = Release|Any CPU
		{4521F89C-27CB-44AB-BE4A-5EA5E582BB84}.Release|x86.Build.0 = Release|Any CPU
		{089798D3-6889-4280-8567-E9DB432660C2}.Debug|Any CPU.ActiveCfg = Debug|Any CPU
		{089798D3-6889-4280-8567-E9DB432660C2}.Debug|Any CPU.Build.0 = Debug|Any CPU
		{089798D3-6889-4280-8567-E9DB432660C2}.Debug|x64.ActiveCfg = Debug|Any CPU
		{089798D3-6889-4280-8567-E9DB432660C2}.Debug|x64.Build.0 = Debug|Any CPU
		{089798D3-6889-4280-8567-E9DB432660C2}.Debug|x86.ActiveCfg = Debug|Any CPU
		{089798D3-6889-4280-8567-E9DB432660C2}.Debug|x86.Build.0 = Debug|Any CPU
		{089798D3-6889-4280-8567-E9DB432660C2}.Release|Any CPU.ActiveCfg = Release|Any CPU
		{089798D3-6889-4280-8567-E9DB432660C2}.Release|Any CPU.Build.0 = Release|Any CPU
		{089798D3-6889-4280-8567-E9DB432660C2}.Release|x64.ActiveCfg = Release|Any CPU
		{089798D3-6889-4280-8567-E9DB432660C2}.Release|x64.Build.0 = Release|Any CPU
		{089798D3-6889-4280-8567-E9DB432660C2}.Release|x86.ActiveCfg = Release|Any CPU
		{089798D3-6889-4280-8567-E9DB432660C2}.Release|x86.Build.0 = Release|Any CPU
		{7A0E288B-5517-48B8-A296-E16ACFFBB5A3}.Debug|Any CPU.ActiveCfg = Debug|Any CPU
		{7A0E288B-5517-48B8-A296-E16ACFFBB5A3}.Debug|Any CPU.Build.0 = Debug|Any CPU
		{7A0E288B-5517-48B8-A296-E16ACFFBB5A3}.Debug|x64.ActiveCfg = Debug|Any CPU
		{7A0E288B-5517-48B8-A296-E16ACFFBB5A3}.Debug|x64.Build.0 = Debug|Any CPU
		{7A0E288B-5517-48B8-A296-E16ACFFBB5A3}.Debug|x86.ActiveCfg = Debug|Any CPU
		{7A0E288B-5517-48B8-A296-E16ACFFBB5A3}.Debug|x86.Build.0 = Debug|Any CPU
		{7A0E288B-5517-48B8-A296-E16ACFFBB5A3}.Release|Any CPU.ActiveCfg = Release|Any CPU
		{7A0E288B-5517-48B8-A296-E16ACFFBB5A3}.Release|Any CPU.Build.0 = Release|Any CPU
		{7A0E288B-5517-48B8-A296-E16ACFFBB5A3}.Release|x64.ActiveCfg = Release|Any CPU
		{7A0E288B-5517-48B8-A296-E16ACFFBB5A3}.Release|x64.Build.0 = Release|Any CPU
		{7A0E288B-5517-48B8-A296-E16ACFFBB5A3}.Release|x86.ActiveCfg = Release|Any CPU
		{7A0E288B-5517-48B8-A296-E16ACFFBB5A3}.Release|x86.Build.0 = Release|Any CPU
	EndGlobalSection
	GlobalSection(SolutionProperties) = preSolution
		HideSolutionNode = FALSE
	EndGlobalSection
	GlobalSection(NestedProjects) = preSolution
		{6B418526-C596-4729-9720-8838084B3C47} = {827E0CD3-B72D-47B6-A68D-7590B98EB39B}
		{A48C6485-31EE-494E-B26A-5C60F6984668} = {827E0CD3-B72D-47B6-A68D-7590B98EB39B}
		{89F45EE7-7057-4B3F-A221-C17E4790FB3B} = {827E0CD3-B72D-47B6-A68D-7590B98EB39B}
		{4521F89C-27CB-44AB-BE4A-5EA5E582BB84} = {827E0CD3-B72D-47B6-A68D-7590B98EB39B}
		{089798D3-6889-4280-8567-E9DB432660C2} = {0AB3BF05-4346-4AA6-1389-037BE0695223}
		{7A0E288B-5517-48B8-A296-E16ACFFBB5A3} = {0AB3BF05-4346-4AA6-1389-037BE0695223}
	EndGlobalSection
EndGlobal
